// !$*UTF8*$!
{
	archiveVersion = 1;
	classes = {
	};
	objectVersion = 55;
	objects = {

/* Begin PBXBuildFile section */
		E1443E53289D024200267E92 /* DetailViewController.swift in Sources */ = {isa = PBXBuildFile; fileRef = E1443E52289D024200267E92 /* DetailViewController.swift */; };
		E1443E58289D170A00267E92 /* APIManager.swift in Sources */ = {isa = PBXBuildFile; fileRef = E1443E57289D170A00267E92 /* APIManager.swift */; };
		E1443E60289D388C00267E92 /* DataStruct.swift in Sources */ = {isa = PBXBuildFile; fileRef = E1443E5F289D388C00267E92 /* DataStruct.swift */; };
		E1443E63289D3C8200267E92 /* DetailTableViewCell.swift in Sources */ = {isa = PBXBuildFile; fileRef = E1443E61289D3C8200267E92 /* DetailTableViewCell.swift */; };
		E1443E64289D3C8200267E92 /* DetailTableViewCell.xib in Resources */ = {isa = PBXBuildFile; fileRef = E1443E62289D3C8200267E92 /* DetailTableViewCell.xib */; };
		E17662BA289BAD3100DA9908 /* Extension+Design.swift in Sources */ = {isa = PBXBuildFile; fileRef = E17662B9289BAD3100DA9908 /* Extension+Design.swift */; };
		E17662BE289BDE9D00DA9908 /* Identifier.swift in Sources */ = {isa = PBXBuildFile; fileRef = E17662BD289BDE9D00DA9908 /* Identifier.swift */; };
		E1ABB51F289B43D000A7FD65 /* AppDelegate.swift in Sources */ = {isa = PBXBuildFile; fileRef = E1ABB51E289B43D000A7FD65 /* AppDelegate.swift */; };
		E1ABB521289B43D000A7FD65 /* SceneDelegate.swift in Sources */ = {isa = PBXBuildFile; fileRef = E1ABB520289B43D000A7FD65 /* SceneDelegate.swift */; };
		E1ABB523289B43D000A7FD65 /* ViewController.swift in Sources */ = {isa = PBXBuildFile; fileRef = E1ABB522289B43D000A7FD65 /* ViewController.swift */; };
		E1ABB526289B43D000A7FD65 /* Main.storyboard in Resources */ = {isa = PBXBuildFile; fileRef = E1ABB524289B43D000A7FD65 /* Main.storyboard */; };
		E1ABB528289B43D400A7FD65 /* Assets.xcassets in Resources */ = {isa = PBXBuildFile; fileRef = E1ABB527289B43D400A7FD65 /* Assets.xcassets */; };
		E1ABB52B289B43D400A7FD65 /* LaunchScreen.storyboard in Resources */ = {isa = PBXBuildFile; fileRef = E1ABB529289B43D400A7FD65 /* LaunchScreen.storyboard */; };
		E1ABB533289B43F000A7FD65 /* .gitignore in Resources */ = {isa = PBXBuildFile; fileRef = E1ABB532289B43F000A7FD65 /* .gitignore */; };
		E1ABB535289B441A00A7FD65 /* APIKey.swift in Sources */ = {isa = PBXBuildFile; fileRef = E1ABB534289B441A00A7FD65 /* APIKey.swift */; };
		E1ABB538289B455100A7FD65 /* SwiftyJSON in Frameworks */ = {isa = PBXBuildFile; productRef = E1ABB537289B455100A7FD65 /* SwiftyJSON */; };
		E1ABB53B289B456200A7FD65 /* Kingfisher in Frameworks */ = {isa = PBXBuildFile; productRef = E1ABB53A289B456200A7FD65 /* Kingfisher */; };
		E1ABB53E289B457000A7FD65 /* Alamofire in Frameworks */ = {isa = PBXBuildFile; productRef = E1ABB53D289B457000A7FD65 /* Alamofire */; };
		E1ABB540289B45A900A7FD65 /* TmdbCollectionViewCell.swift in Sources */ = {isa = PBXBuildFile; fileRef = E1ABB53F289B45A900A7FD65 /* TmdbCollectionViewCell.swift */; };
/* End PBXBuildFile section */

/* Begin PBXFileReference section */
		E1443E52289D024200267E92 /* DetailViewController.swift */ = {isa = PBXFileReference; lastKnownFileType = sourcecode.swift; path = DetailViewController.swift; sourceTree = "<group>"; };
		E1443E57289D170A00267E92 /* APIManager.swift */ = {isa = PBXFileReference; lastKnownFileType = sourcecode.swift; path = APIManager.swift; sourceTree = "<group>"; };
		E1443E5F289D388C00267E92 /* DataStruct.swift */ = {isa = PBXFileReference; lastKnownFileType = sourcecode.swift; path = DataStruct.swift; sourceTree = "<group>"; };
		E1443E61289D3C8200267E92 /* DetailTableViewCell.swift */ = {isa = PBXFileReference; lastKnownFileType = sourcecode.swift; path = DetailTableViewCell.swift; sourceTree = "<group>"; };
		E1443E62289D3C8200267E92 /* DetailTableViewCell.xib */ = {isa = PBXFileReference; lastKnownFileType = file.xib; path = DetailTableViewCell.xib; sourceTree = "<group>"; };
		E17662B9289BAD3100DA9908 /* Extension+Design.swift */ = {isa = PBXFileReference; lastKnownFileType = sourcecode.swift; path = "Extension+Design.swift"; sourceTree = "<group>"; };
		E17662BD289BDE9D00DA9908 /* Identifier.swift */ = {isa = PBXFileReference; lastKnownFileType = sourcecode.swift; path = Identifier.swift; sourceTree = "<group>"; };
		E1ABB51B289B43D000A7FD65 /* TrendMediaDataBaseProject.app */ = {isa = PBXFileReference; explicitFileType = wrapper.application; includeInIndex = 0; path = TrendMediaDataBaseProject.app; sourceTree = BUILT_PRODUCTS_DIR; };
		E1ABB51E289B43D000A7FD65 /* AppDelegate.swift */ = {isa = PBXFileReference; lastKnownFileType = sourcecode.swift; path = AppDelegate.swift; sourceTree = "<group>"; };
		E1ABB520289B43D000A7FD65 /* SceneDelegate.swift */ = {isa = PBXFileReference; lastKnownFileType = sourcecode.swift; path = SceneDelegate.swift; sourceTree = "<group>"; };
		E1ABB522289B43D000A7FD65 /* ViewController.swift */ = {isa = PBXFileReference; lastKnownFileType = sourcecode.swift; path = ViewController.swift; sourceTree = "<group>"; };
		E1ABB525289B43D000A7FD65 /* Base */ = {isa = PBXFileReference; lastKnownFileType = file.storyboard; name = Base; path = Base.lproj/Main.storyboard; sourceTree = "<group>"; };
		E1ABB527289B43D400A7FD65 /* Assets.xcassets */ = {isa = PBXFileReference; lastKnownFileType = folder.assetcatalog; path = Assets.xcassets; sourceTree = "<group>"; };
		E1ABB52A289B43D400A7FD65 /* Base */ = {isa = PBXFileReference; lastKnownFileType = file.storyboard; name = Base; path = Base.lproj/LaunchScreen.storyboard; sourceTree = "<group>"; };
		E1ABB52C289B43D400A7FD65 /* Info.plist */ = {isa = PBXFileReference; lastKnownFileType = text.plist.xml; path = Info.plist; sourceTree = "<group>"; };
		E1ABB532289B43F000A7FD65 /* .gitignore */ = {isa = PBXFileReference; lastKnownFileType = text; path = .gitignore; sourceTree = "<group>"; };
		E1ABB534289B441A00A7FD65 /* APIKey.swift */ = {isa = PBXFileReference; lastKnownFileType = sourcecode.swift; path = APIKey.swift; sourceTree = SOURCE_ROOT; };
		E1ABB53F289B45A900A7FD65 /* TmdbCollectionViewCell.swift */ = {isa = PBXFileReference; lastKnownFileType = sourcecode.swift; path = TmdbCollectionViewCell.swift; sourceTree = "<group>"; };
/* End PBXFileReference section */

/* Begin PBXFrameworksBuildPhase section */
		E1ABB518289B43D000A7FD65 /* Frameworks */ = {
			isa = PBXFrameworksBuildPhase;
			buildActionMask = 2147483647;
			files = (
				E1ABB53E289B457000A7FD65 /* Alamofire in Frameworks */,
				E1ABB53B289B456200A7FD65 /* Kingfisher in Frameworks */,
				E1ABB538289B455100A7FD65 /* SwiftyJSON in Frameworks */,
			);
			runOnlyForDeploymentPostprocessing = 0;
		};
/* End PBXFrameworksBuildPhase section */

/* Begin PBXGroup section */
		E1443E56289D066500267E92 /* detail */ = {
			isa = PBXGroup;
			children = (
				E1443E61289D3C8200267E92 /* DetailTableViewCell.swift */,
				E1443E62289D3C8200267E92 /* DetailTableViewCell.xib */,
				E1443E52289D024200267E92 /* DetailViewController.swift */,
			);
			path = detail;
			sourceTree = "<group>";
		};
		E17662C2289C44EB00DA9908 /* basic */ = {
			isa = PBXGroup;
			children = (
				E1ABB527289B43D400A7FD65 /* Assets.xcassets */,
				E1ABB529289B43D400A7FD65 /* LaunchScreen.storyboard */,
				E1ABB51E289B43D000A7FD65 /* AppDelegate.swift */,
				E1ABB520289B43D000A7FD65 /* SceneDelegate.swift */,
			);
			path = basic;
			sourceTree = "<group>";
		};
		E17662C3289C450000DA9908 /* Main */ = {
			isa = PBXGroup;
			children = (
				E1ABB522289B43D000A7FD65 /* ViewController.swift */,
				E1443E57289D170A00267E92 /* APIManager.swift */,
				E1ABB524289B43D000A7FD65 /* Main.storyboard */,
				E1ABB53F289B45A900A7FD65 /* TmdbCollectionViewCell.swift */,
				E17662C2289C44EB00DA9908 /* basic */,
				E1443E56289D066500267E92 /* detail */,
			);
			path = Main;
			sourceTree = "<group>";
		};
		E1ABB512289B43D000A7FD65 = {
			isa = PBXGroup;
			children = (
				E1ABB532289B43F000A7FD65 /* .gitignore */,
				E1ABB51D289B43D000A7FD65 /* TrendMediaDataBaseProject */,
				E1ABB51C289B43D000A7FD65 /* Products */,
			);
			sourceTree = "<group>";
		};
		E1ABB51C289B43D000A7FD65 /* Products */ = {
			isa = PBXGroup;
			children = (
				E1ABB51B289B43D000A7FD65 /* TrendMediaDataBaseProject.app */,
			);
			name = Products;
			sourceTree = "<group>";
		};
		E1ABB51D289B43D000A7FD65 /* TrendMediaDataBaseProject */ = {
			isa = PBXGroup;
			children = (
				E1ABB534289B441A00A7FD65 /* APIKey.swift */,
				E17662B9289BAD3100DA9908 /* Extension+Design.swift */,
				E1443E5F289D388C00267E92 /* DataStruct.swift */,
				E17662C3289C450000DA9908 /* Main */,
				E17662BD289BDE9D00DA9908 /* Identifier.swift */,
				E1ABB52C289B43D400A7FD65 /* Info.plist */,
			);
			path = TrendMediaDataBaseProject;
			sourceTree = "<group>";
		};
/* End PBXGroup section */

/* Begin PBXNativeTarget section */
		E1ABB51A289B43D000A7FD65 /* TrendMediaDataBaseProject */ = {
			isa = PBXNativeTarget;
			buildConfigurationList = E1ABB52F289B43D400A7FD65 /* Build configuration list for PBXNativeTarget "TrendMediaDataBaseProject" */;
			buildPhases = (
				E1ABB517289B43D000A7FD65 /* Sources */,
				E1ABB518289B43D000A7FD65 /* Frameworks */,
				E1ABB519289B43D000A7FD65 /* Resources */,
			);
			buildRules = (
			);
			dependencies = (
			);
			name = TrendMediaDataBaseProject;
			packageProductDependencies = (
				E1ABB537289B455100A7FD65 /* SwiftyJSON */,
				E1ABB53A289B456200A7FD65 /* Kingfisher */,
				E1ABB53D289B457000A7FD65 /* Alamofire */,
			);
			productName = TrendMediaDataBaseProject;
			productReference = E1ABB51B289B43D000A7FD65 /* TrendMediaDataBaseProject.app */;
			productType = "com.apple.product-type.application";
		};
/* End PBXNativeTarget section */

/* Begin PBXProject section */
		E1ABB513289B43D000A7FD65 /* Project object */ = {
			isa = PBXProject;
			attributes = {
				BuildIndependentTargetsInParallel = 1;
				LastSwiftUpdateCheck = 1340;
				LastUpgradeCheck = 1340;
				TargetAttributes = {
					E1ABB51A289B43D000A7FD65 = {
						CreatedOnToolsVersion = 13.4.1;
					};
				};
			};
			buildConfigurationList = E1ABB516289B43D000A7FD65 /* Build configuration list for PBXProject "TrendMediaDataBaseProject" */;
			compatibilityVersion = "Xcode 13.0";
			developmentRegion = en;
			hasScannedForEncodings = 0;
			knownRegions = (
				en,
				Base,
			);
			mainGroup = E1ABB512289B43D000A7FD65;
			packageReferences = (
				E1ABB536289B455100A7FD65 /* XCRemoteSwiftPackageReference "SwiftyJSON" */,
				E1ABB539289B456200A7FD65 /* XCRemoteSwiftPackageReference "Kingfisher" */,
				E1ABB53C289B457000A7FD65 /* XCRemoteSwiftPackageReference "Alamofire" */,
			);
			productRefGroup = E1ABB51C289B43D000A7FD65 /* Products */;
			projectDirPath = "";
			projectRoot = "";
			targets = (
				E1ABB51A289B43D000A7FD65 /* TrendMediaDataBaseProject */,
			);
		};
/* End PBXProject section */

/* Begin PBXResourcesBuildPhase section */
		E1ABB519289B43D000A7FD65 /* Resources */ = {
			isa = PBXResourcesBuildPhase;
			buildActionMask = 2147483647;
			files = (
				E1ABB533289B43F000A7FD65 /* .gitignore in Resources */,
				E1443E64289D3C8200267E92 /* DetailTableViewCell.xib in Resources */,
				E1ABB52B289B43D400A7FD65 /* LaunchScreen.storyboard in Resources */,
				E1ABB528289B43D400A7FD65 /* Assets.xcassets in Resources */,
				E1ABB526289B43D000A7FD65 /* Main.storyboard in Resources */,
			);
			runOnlyForDeploymentPostprocessing = 0;
		};
/* End PBXResourcesBuildPhase section */

/* Begin PBXSourcesBuildPhase section */
		E1ABB517289B43D000A7FD65 /* Sources */ = {
			isa = PBXSourcesBuildPhase;
			buildActionMask = 2147483647;
			files = (
				E1ABB523289B43D000A7FD65 /* ViewController.swift in Sources */,
				E1443E58289D170A00267E92 /* APIManager.swift in Sources */,
				E17662BA289BAD3100DA9908 /* Extension+Design.swift in Sources */,
				E1ABB540289B45A900A7FD65 /* TmdbCollectionViewCell.swift in Sources */,
				E1ABB51F289B43D000A7FD65 /* AppDelegate.swift in Sources */,
				E1ABB535289B441A00A7FD65 /* APIKey.swift in Sources */,
				E1443E60289D388C00267E92 /* DataStruct.swift in Sources */,
				E17662BE289BDE9D00DA9908 /* Identifier.swift in Sources */,
				E1ABB521289B43D000A7FD65 /* SceneDelegate.swift in Sources */,
				E1443E53289D024200267E92 /* DetailViewController.swift in Sources */,
				E1443E63289D3C8200267E92 /* DetailTableViewCell.swift in Sources */,
			);
			runOnlyForDeploymentPostprocessing = 0;
		};
/* End PBXSourcesBuildPhase section */

/* Begin PBXVariantGroup section */
		E1ABB524289B43D000A7FD65 /* Main.storyboard */ = {
			isa = PBXVariantGroup;
			children = (
				E1ABB525289B43D000A7FD65 /* Base */,
			);
			name = Main.storyboard;
			sourceTree = "<group>";
		};
		E1ABB529289B43D400A7FD65 /* LaunchScreen.storyboard */ = {
			isa = PBXVariantGroup;
			children = (
				E1ABB52A289B43D400A7FD65 /* Base */,
			);
			name = LaunchScreen.storyboard;
			sourceTree = "<group>";
		};
/* End PBXVariantGroup section */

/* Begin XCBuildConfiguration section */
		E1ABB52D289B43D400A7FD65 /* Debug */ = {
			isa = XCBuildConfiguration;
			buildSettings = {
				ALWAYS_SEARCH_USER_PATHS = NO;
				CLANG_ANALYZER_NONNULL = YES;
				CLANG_ANALYZER_NUMBER_OBJECT_CONVERSION = YES_AGGRESSIVE;
				CLANG_CXX_LANGUAGE_STANDARD = "gnu++17";
				CLANG_ENABLE_MODULES = YES;
				CLANG_ENABLE_OBJC_ARC = YES;
				CLANG_ENABLE_OBJC_WEAK = YES;
				CLANG_WARN_BLOCK_CAPTURE_AUTORELEASING = YES;
				CLANG_WARN_BOOL_CONVERSION = YES;
				CLANG_WARN_COMMA = YES;
				CLANG_WARN_CONSTANT_CONVERSION = YES;
				CLANG_WARN_DEPRECATED_OBJC_IMPLEMENTATIONS = YES;
				CLANG_WARN_DIRECT_OBJC_ISA_USAGE = YES_ERROR;
				CLANG_WARN_DOCUMENTATION_COMMENTS = YES;
				CLANG_WARN_EMPTY_BODY = YES;
				CLANG_WARN_ENUM_CONVERSION = YES;
				CLANG_WARN_INFINITE_RECURSION = YES;
				CLANG_WARN_INT_CONVERSION = YES;
				CLANG_WARN_NON_LITERAL_NULL_CONVERSION = YES;
				CLANG_WARN_OBJC_IMPLICIT_RETAIN_SELF = YES;
				CLANG_WARN_OBJC_LITERAL_CONVERSION = YES;
				CLANG_WARN_OBJC_ROOT_CLASS = YES_ERROR;
				CLANG_WARN_QUOTED_INCLUDE_IN_FRAMEWORK_HEADER = YES;
				CLANG_WARN_RANGE_LOOP_ANALYSIS = YES;
				CLANG_WARN_STRICT_PROTOTYPES = YES;
				CLANG_WARN_SUSPICIOUS_MOVE = YES;
				CLANG_WARN_UNGUARDED_AVAILABILITY = YES_AGGRESSIVE;
				CLANG_WARN_UNREACHABLE_CODE = YES;
				CLANG_WARN__DUPLICATE_METHOD_MATCH = YES;
				COPY_PHASE_STRIP = NO;
				DEBUG_INFORMATION_FORMAT = dwarf;
				ENABLE_STRICT_OBJC_MSGSEND = YES;
				ENABLE_TESTABILITY = YES;
				GCC_C_LANGUAGE_STANDARD = gnu11;
				GCC_DYNAMIC_NO_PIC = NO;
				GCC_NO_COMMON_BLOCKS = YES;
				GCC_OPTIMIZATION_LEVEL = 0;
				GCC_PREPROCESSOR_DEFINITIONS = (
					"DEBUG=1",
					"$(inherited)",
				);
				GCC_WARN_64_TO_32_BIT_CONVERSION = YES;
				GCC_WARN_ABOUT_RETURN_TYPE = YES_ERROR;
				GCC_WARN_UNDECLARED_SELECTOR = YES;
				GCC_WARN_UNINITIALIZED_AUTOS = YES_AGGRESSIVE;
				GCC_WARN_UNUSED_FUNCTION = YES;
				GCC_WARN_UNUSED_VARIABLE = YES;
				IPHONEOS_DEPLOYMENT_TARGET = 15.5;
				MTL_ENABLE_DEBUG_INFO = INCLUDE_SOURCE;
				MTL_FAST_MATH = YES;
				ONLY_ACTIVE_ARCH = YES;
				SDKROOT = iphoneos;
				SWIFT_ACTIVE_COMPILATION_CONDITIONS = DEBUG;
				SWIFT_OPTIMIZATION_LEVEL = "-Onone";
			};
			name = Debug;
		};
		E1ABB52E289B43D400A7FD65 /* Release */ = {
			isa = XCBuildConfiguration;
			buildSettings = {
				ALWAYS_SEARCH_USER_PATHS = NO;
				CLANG_ANALYZER_NONNULL = YES;
				CLANG_ANALYZER_NUMBER_OBJECT_CONVERSION = YES_AGGRESSIVE;
				CLANG_CXX_LANGUAGE_STANDARD = "gnu++17";
				CLANG_ENABLE_MODULES = YES;
				CLANG_ENABLE_OBJC_ARC = YES;
				CLANG_ENABLE_OBJC_WEAK = YES;
				CLANG_WARN_BLOCK_CAPTURE_AUTORELEASING = YES;
				CLANG_WARN_BOOL_CONVERSION = YES;
				CLANG_WARN_COMMA = YES;
				CLANG_WARN_CONSTANT_CONVERSION = YES;
				CLANG_WARN_DEPRECATED_OBJC_IMPLEMENTATIONS = YES;
				CLANG_WARN_DIRECT_OBJC_ISA_USAGE = YES_ERROR;
				CLANG_WARN_DOCUMENTATION_COMMENTS = YES;
				CLANG_WARN_EMPTY_BODY = YES;
				CLANG_WARN_ENUM_CONVERSION = YES;
				CLANG_WARN_INFINITE_RECURSION = YES;
				CLANG_WARN_INT_CONVERSION = YES;
				CLANG_WARN_NON_LITERAL_NULL_CONVERSION = YES;
				CLANG_WARN_OBJC_IMPLICIT_RETAIN_SELF = YES;
				CLANG_WARN_OBJC_LITERAL_CONVERSION = YES;
				CLANG_WARN_OBJC_ROOT_CLASS = YES_ERROR;
				CLANG_WARN_QUOTED_INCLUDE_IN_FRAMEWORK_HEADER = YES;
				CLANG_WARN_RANGE_LOOP_ANALYSIS = YES;
				CLANG_WARN_STRICT_PROTOTYPES = YES;
				CLANG_WARN_SUSPICIOUS_MOVE = YES;
				CLANG_WARN_UNGUARDED_AVAILABILITY = YES_AGGRESSIVE;
				CLANG_WARN_UNREACHABLE_CODE = YES;
				CLANG_WARN__DUPLICATE_METHOD_MATCH = YES;
				COPY_PHASE_STRIP = NO;
				DEBUG_INFORMATION_FORMAT = "dwarf-with-dsym";
				ENABLE_NS_ASSERTIONS = NO;
				ENABLE_STRICT_OBJC_MSGSEND = YES;
				GCC_C_LANGUAGE_STANDARD = gnu11;
				GCC_NO_COMMON_BLOCKS = YES;
				GCC_WARN_64_TO_32_BIT_CONVERSION = YES;
				GCC_WARN_ABOUT_RETURN_TYPE = YES_ERROR;
				GCC_WARN_UNDECLARED_SELECTOR = YES;
				GCC_WARN_UNINITIALIZED_AUTOS = YES_AGGRESSIVE;
				GCC_WARN_UNUSED_FUNCTION = YES;
				GCC_WARN_UNUSED_VARIABLE = YES;
				IPHONEOS_DEPLOYMENT_TARGET = 15.5;
				MTL_ENABLE_DEBUG_INFO = NO;
				MTL_FAST_MATH = YES;
				SDKROOT = iphoneos;
				SWIFT_COMPILATION_MODE = wholemodule;
				SWIFT_OPTIMIZATION_LEVEL = "-O";
				VALIDATE_PRODUCT = YES;
			};
			name = Release;
		};
		E1ABB530289B43D400A7FD65 /* Debug */ = {
			isa = XCBuildConfiguration;
			buildSettings = {
				ASSETCATALOG_COMPILER_APPICON_NAME = AppIcon;
				ASSETCATALOG_COMPILER_GLOBAL_ACCENT_COLOR_NAME = AccentColor;
				CODE_SIGN_STYLE = Automatic;
				CURRENT_PROJECT_VERSION = 1;
				DEVELOPMENT_TEAM = 5MHUF29PV8;
				GENERATE_INFOPLIST_FILE = YES;
				INFOPLIST_FILE = TrendMediaDataBaseProject/Info.plist;
				INFOPLIST_KEY_UIApplicationSupportsIndirectInputEvents = YES;
				INFOPLIST_KEY_UILaunchStoryboardName = LaunchScreen;
				INFOPLIST_KEY_UIMainStoryboardFile = Main;
				INFOPLIST_KEY_UISupportedInterfaceOrientations_iPad = "UIInterfaceOrientationPortrait UIInterfaceOrientationPortraitUpsideDown UIInterfaceOrientationLandscapeLeft UIInterfaceOrientationLandscapeRight";
				INFOPLIST_KEY_UISupportedInterfaceOrientations_iPhone = "UIInterfaceOrientationPortrait UIInterfaceOrientationLandscapeLeft UIInterfaceOrientationLandscapeRight";
				LD_RUNPATH_SEARCH_PATHS = (
					"$(inherited)",
					"@executable_path/Frameworks",
				);
				MARKETING_VERSION = 1.0;
				PRODUCT_BUNDLE_IDENTIFIER = com.sesac.TrendMediaDataBaseProject;
				PRODUCT_NAME = "$(TARGET_NAME)";
				SWIFT_EMIT_LOC_STRINGS = YES;
				SWIFT_VERSION = 5.0;
				TARGETED_DEVICE_FAMILY = 1;
			};
			name = Debug;
		};
		E1ABB531289B43D400A7FD65 /* Release */ = {
			isa = XCBuildConfiguration;
			buildSettings = {
				ASSETCATALOG_COMPILER_APPICON_NAME = AppIcon;
				ASSETCATALOG_COMPILER_GLOBAL_ACCENT_COLOR_NAME = AccentColor;
				CODE_SIGN_STYLE = Automatic;
				CURRENT_PROJECT_VERSION = 1;
				DEVELOPMENT_TEAM = 5MHUF29PV8;
				GENERATE_INFOPLIST_FILE = YES;
				INFOPLIST_FILE = TrendMediaDataBaseProject/Info.plist;
				INFOPLIST_KEY_UIApplicationSupportsIndirectInputEvents = YES;
				INFOPLIST_KEY_UILaunchStoryboardName = LaunchScreen;
				INFOPLIST_KEY_UIMainStoryboardFile = Main;
				INFOPLIST_KEY_UISupportedInterfaceOrientations_iPad = "UIInterfaceOrientationPortrait UIInterfaceOrientationPortraitUpsideDown UIInterfaceOrientationLandscapeLeft UIInterfaceOrientationLandscapeRight";
				INFOPLIST_KEY_UISupportedInterfaceOrientations_iPhone = "UIInterfaceOrientationPortrait UIInterfaceOrientationLandscapeLeft UIInterfaceOrientationLandscapeRight";
				LD_RUNPATH_SEARCH_PATHS = (
					"$(inherited)",
					"@executable_path/Frameworks",
				);
				MARKETING_VERSION = 1.0;
				PRODUCT_BUNDLE_IDENTIFIER = com.sesac.TrendMediaDataBaseProject;
				PRODUCT_NAME = "$(TARGET_NAME)";
				SWIFT_EMIT_LOC_STRINGS = YES;
				SWIFT_VERSION = 5.0;
				TARGETED_DEVICE_FAMILY = 1;
			};
			name = Release;
		};
/* End XCBuildConfiguration section */

/* Begin XCConfigurationList section */
		E1ABB516289B43D000A7FD65 /* Build configuration list for PBXProject "TrendMediaDataBaseProject" */ = {
			isa = XCConfigurationList;
			buildConfigurations = (
				E1ABB52D289B43D400A7FD65 /* Debug */,
				E1ABB52E289B43D400A7FD65 /* Release */,
			);
			defaultConfigurationIsVisible = 0;
			defaultConfigurationName = Release;
		};
		E1ABB52F289B43D400A7FD65 /* Build configuration list for PBXNativeTarget "TrendMediaDataBaseProject" */ = {
			isa = XCConfigurationList;
			buildConfigurations = (
				E1ABB530289B43D400A7FD65 /* Debug */,
				E1ABB531289B43D400A7FD65 /* Release */,
			);
			defaultConfigurationIsVisible = 0;
			defaultConfigurationName = Release;
		};
/* End XCConfigurationList section */

/* Begin XCRemoteSwiftPackageReference section */
		E1ABB536289B455100A7FD65 /* XCRemoteSwiftPackageReference "SwiftyJSON" */ = {
			isa = XCRemoteSwiftPackageReference;
			repositoryURL = "https://github.com/SwiftyJSON/SwiftyJSON.git";
			requirement = {
				kind = upToNextMajorVersion;
				minimumVersion = 5.0.0;
			};
		};
		E1ABB539289B456200A7FD65 /* XCRemoteSwiftPackageReference "Kingfisher" */ = {
			isa = XCRemoteSwiftPackageReference;
			repositoryURL = "https://github.com/onevcat/Kingfisher.git";
			requirement = {
				kind = upToNextMajorVersion;
				minimumVersion = 7.0.0;
			};
		};
		E1ABB53C289B457000A7FD65 /* XCRemoteSwiftPackageReference "Alamofire" */ = {
			isa = XCRemoteSwiftPackageReference;
			repositoryURL = "https://github.com/Alamofire/Alamofire.git";
			requirement = {
				kind = upToNextMajorVersion;
				minimumVersion = 5.0.0;
			};
		};
/* End XCRemoteSwiftPackageReference section */

/* Begin XCSwiftPackageProductDependency section */
		E1ABB537289B455100A7FD65 /* SwiftyJSON */ = {
			isa = XCSwiftPackageProductDependency;
			package = E1ABB536289B455100A7FD65 /* XCRemoteSwiftPackageReference "SwiftyJSON" */;
			productName = SwiftyJSON;
		};
		E1ABB53A289B456200A7FD65 /* Kingfisher */ = {
			isa = XCSwiftPackageProductDependency;
			package = E1ABB539289B456200A7FD65 /* XCRemoteSwiftPackageReference "Kingfisher" */;
			productName = Kingfisher;
		};
		E1ABB53D289B457000A7FD65 /* Alamofire */ = {
			isa = XCSwiftPackageProductDependency;
			package = E1ABB53C289B457000A7FD65 /* XCRemoteSwiftPackageReference "Alamofire" */;
			productName = Alamofire;
		};
/* End XCSwiftPackageProductDependency section */
	};
	rootObject = E1ABB513289B43D000A7FD65 /* Project object */;
}
